
Microsoft Visual Studio Solution File, Format Version 12.00
# Visual Studio 15
Project("{F2A71F9B-5D33-465A-A702-920D77279786}") = "FsMvcReact", "FsMvcReact.fsproj", "{780516A3-0CCF-4DEE-B613-EFFFF440D3D0}"
EndProject
Global
	GlobalSection(SolutionConfigurationPlatforms) = preSolution
		Debug|Any CPU = Debug|Any CPU
		Release|Any CPU = Release|Any CPU
	EndGlobalSection
	GlobalSection(ProjectConfigurationPlatforms) = postSolution
		{780516A3-0CCF-4DEE-B613-EFFFF440D3D0}.Debug|Any CPU.ActiveCfg = Debug|Any CPU
		{780516A3-0CCF-4DEE-B613-EFFFF440D3D0}.Debug|Any CPU.Build.0 = Debug|Any CPU
		{780516A3-0CCF-4DEE-B613-EFFFF440D3D0}.Release|Any CPU.ActiveCfg = Release|Any CPU
		{780516A3-0CCF-4DEE-B613-EFFFF440D3D0}.Release|Any CPU.Build.0 = Release|Any CPU
	EndGlobalSection
EndGlobal
